
Microsoft Visual Studio Solution File, Format Version 12.00
# Visual Studio Version 17
VisualStudioVersion = 17.12.35707.178
MinimumVisualStudioVersion = 10.0.40219.1
Project("{9A19103F-16F7-4668-BE54-9A1E7A4F7556}") = "BlazorDynamicForm", "BlazorDynamicForm.csproj", "{CABBEFCE-EA59-46D2-ADCC-2149E1BA0A2C}"
EndProject
Project("{9A19103F-16F7-4668-BE54-9A1E7A4F7556}") = "TypeAnnotationParser", "..\TypeAnnotationParser\TypeAnnotationParser.csproj", "{A09EFDFE-24D3-4505-8576-281B83F03217}"
EndProject
Project("{9A19103F-16F7-4668-BE54-9A1E7A4F7556}") = "BlazorDynamicFormTest.Client", "..\BlazorDynamicFormTest\Client\BlazorDynamicFormTest.Client.csproj", "{08A56C15-85C8-4471-9BAA-9A26430717AF}"
EndProject
Project("{9A19103F-16F7-4668-BE54-9A1E7A4F7556}") = "TypeAnnotationParser.Test", "..\TypeAnnotationParser.Test\TypeAnnotationParser.Test.csproj", "{8B24D6F0-7252-4E21-BDB9-37A57A19693F}"
EndProject
Global
	GlobalSection(SolutionConfigurationPlatforms) = preSolution
		Debug|Any CPU = Debug|Any CPU
		Release|Any CPU = Release|Any CPU
	EndGlobalSection
	GlobalSection(ProjectConfigurationPlatforms) = postSolution
		{CABBEFCE-EA59-46D2-ADCC-2149E1BA0A2C}.Debug|Any CPU.ActiveCfg = Debug|Any CPU
		{CABBEFCE-EA59-46D2-ADCC-2149E1BA0A2C}.Debug|Any CPU.Build.0 = Debug|Any CPU
		{CABBEFCE-EA59-46D2-ADCC-2149E1BA0A2C}.Release|Any CPU.ActiveCfg = Release|Any CPU
		{CABBEFCE-EA59-46D2-ADCC-2149E1BA0A2C}.Release|Any CPU.Build.0 = Release|Any CPU
		{A09EFDFE-24D3-4505-8576-281B83F03217}.Debug|Any CPU.ActiveCfg = Debug|Any CPU
		{A09EFDFE-24D3-4505-8576-281B83F03217}.Debug|Any CPU.Build.0 = Debug|Any CPU
		{A09EFDFE-24D3-4505-8576-281B83F03217}.Release|Any CPU.ActiveCfg = Release|Any CPU
		{A09EFDFE-24D3-4505-8576-281B83F03217}.Release|Any CPU.Build.0 = Release|Any CPU
		{08A56C15-85C8-4471-9BAA-9A26430717AF}.Debug|Any CPU.ActiveCfg = Debug|Any CPU
		{08A56C15-85C8-4471-9BAA-9A26430717AF}.Debug|Any CPU.Build.0 = Debug|Any CPU
		{08A56C15-85C8-4471-9BAA-9A26430717AF}.Release|Any CPU.ActiveCfg = Release|Any CPU
		{08A56C15-85C8-4471-9BAA-9A26430717AF}.Release|Any CPU.Build.0 = Release|Any CPU
		{8B24D6F0-7252-4E21-BDB9-37A57A19693F}.Debug|Any CPU.ActiveCfg = Debug|Any CPU
		{8B24D6F0-7252-4E21-BDB9-37A57A19693F}.Debug|Any CPU.Build.0 = Debug|Any CPU
		{8B24D6F0-7252-4E21-BDB9-37A57A19693F}.Release|Any CPU.ActiveCfg = Release|Any CPU
		{8B24D6F0-7252-4E21-BDB9-37A57A19693F}.Release|Any CPU.Build.0 = Release|Any CPU
	EndGlobalSection
	GlobalSection(SolutionProperties) = preSolution
		HideSolutionNode = FALSE
	EndGlobalSection
	GlobalSection(ExtensibilityGlobals) = postSolution
		SolutionGuid = {5BFF2379-9067-4486-A1C6-72167B12A972}
	EndGlobalSection
EndGlobal
