
Microsoft Visual Studio Solution File, Format Version 12.00
# Visual Studio Version 17
VisualStudioVersion = 17.12.35707.178
MinimumVisualStudioVersion = 10.0.40219.1
Project("{FAE04EC0-301F-11D3-BF4B-00C04F79EFBC}") = "BlazorDynamicForm", "BlazorDynamicForm.csproj", "{CABBEFCE-EA59-46D2-ADCC-2149E1BA0A2C}"
EndProject
Project("{FAE04EC0-301F-11D3-BF4B-00C04F79EFBC}") = "TypeAnnotationParser", "..\TypeAnnotationParser\TypeAnnotationParser.csproj", "{A09EFDFE-24D3-4505-8576-281B83F03217}"
EndProject
Project("{FAE04EC0-301F-11D3-BF4B-00C04F79EFBC}") = "BlazorDynamicFormTest.Server", "..\BlazorDynamicFormTest\Server\BlazorDynamicFormTest.Server.csproj", "{400A278C-ADA9-47FF-BFFB-0FDCF7EC7B30}"
EndProject
Project("{FAE04EC0-301F-11D3-BF4B-00C04F79EFBC}") = "BlazorDynamicFormTest.Client", "..\BlazorDynamicFormTest\Client\BlazorDynamicFormTest.Client.csproj", "{08A56C15-85C8-4471-9BAA-9A26430717AF}"
EndProject
Project("{FAE04EC0-301F-11D3-BF4B-00C04F79EFBC}") = "BlazorDynamicFormTest.Shared", "..\BlazorDynamicFormTest\Shared\BlazorDynamicFormTest.Shared.csproj", "{E3B44611-A264-47A1-A8CE-C27A452D03AF}"
EndProject
Project("{FAE04EC0-301F-11D3-BF4B-00C04F79EFBC}") = "TypeAnnotationParser.Test", "..\TypeAnnotationParser.Test\TypeAnnotationParser.Test.csproj", "{8B24D6F0-7252-4E21-BDB9-37A57A19693F}"
EndProject
Global
	GlobalSection(SolutionConfigurationPlatforms) = preSolution
		Debug|Any CPU = Debug|Any CPU
		Release|Any CPU = Release|Any CPU
	EndGlobalSection
	GlobalSection(ProjectConfigurationPlatforms) = postSolution
		{CABBEFCE-EA59-46D2-ADCC-2149E1BA0A2C}.Debug|Any CPU.ActiveCfg = Debug|Any CPU
		{CABBEFCE-EA59-46D2-ADCC-2149E1BA0A2C}.Debug|Any CPU.Build.0 = Debug|Any CPU
		{CABBEFCE-EA59-46D2-ADCC-2149E1BA0A2C}.Release|Any CPU.ActiveCfg = Release|Any CPU
		{CABBEFCE-EA59-46D2-ADCC-2149E1BA0A2C}.Release|Any CPU.Build.0 = Release|Any CPU
		{A09EFDFE-24D3-4505-8576-281B83F03217}.Debug|Any CPU.ActiveCfg = Debug|Any CPU
		{A09EFDFE-24D3-4505-8576-281B83F03217}.Debug|Any CPU.Build.0 = Debug|Any CPU
		{A09EFDFE-24D3-4505-8576-281B83F03217}.Release|Any CPU.ActiveCfg = Release|Any CPU
		{A09EFDFE-24D3-4505-8576-281B83F03217}.Release|Any CPU.Build.0 = Release|Any CPU
		{400A278C-ADA9-47FF-BFFB-0FDCF7EC7B30}.Debug|Any CPU.ActiveCfg = Debug|Any CPU
		{400A278C-ADA9-47FF-BFFB-0FDCF7EC7B30}.Debug|Any CPU.Build.0 = Debug|Any CPU
		{400A278C-ADA9-47FF-BFFB-0FDCF7EC7B30}.Release|Any CPU.ActiveCfg = Release|Any CPU
		{400A278C-ADA9-47FF-BFFB-0FDCF7EC7B30}.Release|Any CPU.Build.0 = Release|Any CPU
		{08A56C15-85C8-4471-9BAA-9A26430717AF}.Debug|Any CPU.ActiveCfg = Debug|Any CPU
		{08A56C15-85C8-4471-9BAA-9A26430717AF}.Debug|Any CPU.Build.0 = Debug|Any CPU
		{08A56C15-85C8-4471-9BAA-9A26430717AF}.Release|Any CPU.ActiveCfg = Release|Any CPU
		{08A56C15-85C8-4471-9BAA-9A26430717AF}.Release|Any CPU.Build.0 = Release|Any CPU
		{E3B44611-A264-47A1-A8CE-C27A452D03AF}.Debug|Any CPU.ActiveCfg = Debug|Any CPU
		{E3B44611-A264-47A1-A8CE-C27A452D03AF}.Debug|Any CPU.Build.0 = Debug|Any CPU
		{E3B44611-A264-47A1-A8CE-C27A452D03AF}.Release|Any CPU.ActiveCfg = Release|Any CPU
		{E3B44611-A264-47A1-A8CE-C27A452D03AF}.Release|Any CPU.Build.0 = Release|Any CPU
		{8B24D6F0-7252-4E21-BDB9-37A57A19693F}.Debug|Any CPU.ActiveCfg = Debug|Any CPU
		{8B24D6F0-7252-4E21-BDB9-37A57A19693F}.Debug|Any CPU.Build.0 = Debug|Any CPU
		{8B24D6F0-7252-4E21-BDB9-37A57A19693F}.Release|Any CPU.ActiveCfg = Release|Any CPU
		{8B24D6F0-7252-4E21-BDB9-37A57A19693F}.Release|Any CPU.Build.0 = Release|Any CPU
	EndGlobalSection
	GlobalSection(SolutionProperties) = preSolution
		HideSolutionNode = FALSE
	EndGlobalSection
EndGlobal
