
Microsoft Visual Studio Solution File, Format Version 12.00
# Visual Studio Version 17
VisualStudioVersion = 17.6.33723.286
MinimumVisualStudioVersion = 10.0.40219.1
Project("{FAE04EC0-301F-11D3-BF4B-00C04F79EFBC}") = "BlazorDynamicFormDataAnnotation", "BlazorDynamicFormDataAnnotation\BlazorDynamicFormDataAnnotation.csproj", "{3A06700A-EAD1-4AB4-A76F-DDE12A3A1760}"
EndProject
Global
	GlobalSection(SolutionConfigurationPlatforms) = preSolution
		Debug|Any CPU = Debug|Any CPU
		Release|Any CPU = Release|Any CPU
	EndGlobalSection
	GlobalSection(ProjectConfigurationPlatforms) = postSolution
		{3A06700A-EAD1-4AB4-A76F-DDE12A3A1760}.Debug|Any CPU.ActiveCfg = Debug|Any CPU
		{3A06700A-EAD1-4AB4-A76F-DDE12A3A1760}.Debug|Any CPU.Build.0 = Debug|Any CPU
		{3A06700A-EAD1-4AB4-A76F-DDE12A3A1760}.Release|Any CPU.ActiveCfg = Release|Any CPU
		{3A06700A-EAD1-4AB4-A76F-DDE12A3A1760}.Release|Any CPU.Build.0 = Release|Any CPU
	EndGlobalSection
	GlobalSection(SolutionProperties) = preSolution
		HideSolutionNode = FALSE
	EndGlobalSection
	GlobalSection(ExtensibilityGlobals) = postSolution
		SolutionGuid = {90A300F0-042C-49A2-AC94-E956635145F1}
	EndGlobalSection
EndGlobal
