
Microsoft Visual Studio Solution File, Format Version 12.00
# Visual Studio Version 17
VisualStudioVersion = 17.6.33723.286
MinimumVisualStudioVersion = 10.0.40219.1
Project("{9A19103F-16F7-4668-BE54-9A1E7A4F7556}") = "BlazorDynamicFormTest.Server", "Server\BlazorDynamicFormTest.Server.csproj", "{93DC7582-4982-4CEB-B1B8-355FA0B3EEAF}"
EndProject
Project("{9A19103F-16F7-4668-BE54-9A1E7A4F7556}") = "BlazorDynamicFormTest.Client", "Client\BlazorDynamicFormTest.Client.csproj", "{0108E0B9-37EE-4A6F-9296-995CD387C41C}"
EndProject
Project("{9A19103F-16F7-4668-BE54-9A1E7A4F7556}") = "BlazorDynamicFormTest.Shared", "Shared\BlazorDynamicFormTest.Shared.csproj", "{D11FC3AA-2BA8-4CE1-A394-A55C80317227}"
EndProject
Project("{9A19103F-16F7-4668-BE54-9A1E7A4F7556}") = "BlazorDynamicForm", "..\BlazorDynamicForm\BlazorDynamicForm.csproj", "{992A9CFF-6BEC-43EF-85CF-EF14684CC7F0}"
EndProject
Project("{FAE04EC0-301F-11D3-BF4B-00C04F79EFBC}") = "TypeAnnotationParser", "..\..\TypeAnnotationParser\TypeAnnotationParser\TypeAnnotationParser.csproj", "{A1086B4E-C0CE-43AF-8706-817FBDADC6B3}"
EndProject
Global
	GlobalSection(SolutionConfigurationPlatforms) = preSolution
		Debug|Any CPU = Debug|Any CPU
		Release|Any CPU = Release|Any CPU
	EndGlobalSection
	GlobalSection(ProjectConfigurationPlatforms) = postSolution
		{93DC7582-4982-4CEB-B1B8-355FA0B3EEAF}.Debug|Any CPU.ActiveCfg = Debug|Any CPU
		{93DC7582-4982-4CEB-B1B8-355FA0B3EEAF}.Debug|Any CPU.Build.0 = Debug|Any CPU
		{93DC7582-4982-4CEB-B1B8-355FA0B3EEAF}.Release|Any CPU.ActiveCfg = Release|Any CPU
		{93DC7582-4982-4CEB-B1B8-355FA0B3EEAF}.Release|Any CPU.Build.0 = Release|Any CPU
		{0108E0B9-37EE-4A6F-9296-995CD387C41C}.Debug|Any CPU.ActiveCfg = Debug|Any CPU
		{0108E0B9-37EE-4A6F-9296-995CD387C41C}.Debug|Any CPU.Build.0 = Debug|Any CPU
		{0108E0B9-37EE-4A6F-9296-995CD387C41C}.Release|Any CPU.ActiveCfg = Release|Any CPU
		{0108E0B9-37EE-4A6F-9296-995CD387C41C}.Release|Any CPU.Build.0 = Release|Any CPU
		{D11FC3AA-2BA8-4CE1-A394-A55C80317227}.Debug|Any CPU.ActiveCfg = Debug|Any CPU
		{D11FC3AA-2BA8-4CE1-A394-A55C80317227}.Debug|Any CPU.Build.0 = Debug|Any CPU
		{D11FC3AA-2BA8-4CE1-A394-A55C80317227}.Release|Any CPU.ActiveCfg = Release|Any CPU
		{D11FC3AA-2BA8-4CE1-A394-A55C80317227}.Release|Any CPU.Build.0 = Release|Any CPU
		{992A9CFF-6BEC-43EF-85CF-EF14684CC7F0}.Debug|Any CPU.ActiveCfg = Debug|Any CPU
		{992A9CFF-6BEC-43EF-85CF-EF14684CC7F0}.Debug|Any CPU.Build.0 = Debug|Any CPU
		{992A9CFF-6BEC-43EF-85CF-EF14684CC7F0}.Release|Any CPU.ActiveCfg = Release|Any CPU
		{992A9CFF-6BEC-43EF-85CF-EF14684CC7F0}.Release|Any CPU.Build.0 = Release|Any CPU
		{A1086B4E-C0CE-43AF-8706-817FBDADC6B3}.Debug|Any CPU.ActiveCfg = Debug|Any CPU
		{A1086B4E-C0CE-43AF-8706-817FBDADC6B3}.Debug|Any CPU.Build.0 = Debug|Any CPU
		{A1086B4E-C0CE-43AF-8706-817FBDADC6B3}.Release|Any CPU.ActiveCfg = Release|Any CPU
		{A1086B4E-C0CE-43AF-8706-817FBDADC6B3}.Release|Any CPU.Build.0 = Release|Any CPU
	EndGlobalSection
	GlobalSection(SolutionProperties) = preSolution
		HideSolutionNode = FALSE
	EndGlobalSection
	GlobalSection(ExtensibilityGlobals) = postSolution
		SolutionGuid = {67F5FF38-609E-41D3-8723-78F7F8FA6F1F}
	EndGlobalSection
EndGlobal
