{
  "name": "BlazorDynamicFormTest",
  "lockfileVersion": 2,
  "requires": true,
  "packages": {
    "": {
      "dependencies": {
        "@syncfusion/blazor-themes": "^21.2.10"
      }
    },
    "node_modules/@syncfusion/blazor-themes": {
      "version": "21.2.10",
      "resolved": "https://registry.npmjs.org/@syncfusion/blazor-themes/-/blazor-themes-21.2.10.tgz",
      "integrity": "sha512-mnCo24MvItm5L96a9nqJLlECfr8/5l+mLPxLTBMZcTcnu5erPcVamAy8Y6777uIpMs3GOTc6wK/ycZLMc365rQ=="
    }
  },
  "dependencies": {
    "@syncfusion/blazor-themes": {
      "version": "21.2.10",
      "resolved": "https://registry.npmjs.org/@syncfusion/blazor-themes/-/blazor-themes-21.2.10.tgz",
      "integrity": "sha512-mnCo24MvItm5L96a9nqJLlECfr8/5l+mLPxLTBMZcTcnu5erPcVamAy8Y6777uIpMs3GOTc6wK/ycZLMc365rQ=="
    }
  }
}
